
Microsoft Visual Studio Solution File, Format Version 12.00
# Visual Studio 15
VisualStudioVersion = 15.0.27428.2043
MinimumVisualStudioVersion = 10.0.40219.1
Project("{8BC9CEB8-8B4A-11D0-8D11-00A0C91BC942}") = "tilengine_libretro", "src\tilengine_libretro.vcxproj", "{6BF83D7F-5A97-4CA6-92DC-A997991879E9}"
EndProject
Global
	GlobalSection(SolutionConfigurationPlatforms) = preSolution
		Debug|Win32 = Debug|Win32
		Debug|x64 = Debug|x64
		Release|Win32 = Release|Win32
		Release|x64 = Release|x64
	EndGlobalSection
	GlobalSection(ProjectConfigurationPlatforms) = postSolution
		{6BF83D7F-5A97-4CA6-92DC-A997991879E9}.Debug|Win32.ActiveCfg = Debug|Win32
		{6BF83D7F-5A97-4CA6-92DC-A997991879E9}.Debug|Win32.Build.0 = Debug|Win32
		{6BF83D7F-5A97-4CA6-92DC-A997991879E9}.Debug|x64.ActiveCfg = Debug|x64
		{6BF83D7F-5A97-4CA6-92DC-A997991879E9}.Debug|x64.Build.0 = Debug|x64
		{6BF83D7F-5A97-4CA6-92DC-A997991879E9}.Release|Win32.ActiveCfg = Release|Win32
		{6BF83D7F-5A97-4CA6-92DC-A997991879E9}.Release|Win32.Build.0 = Release|Win32
		{6BF83D7F-5A97-4CA6-92DC-A997991879E9}.Release|x64.ActiveCfg = Release|x64
		{6BF83D7F-5A97-4CA6-92DC-A997991879E9}.Release|x64.Build.0 = Release|x64
	EndGlobalSection
	GlobalSection(SolutionProperties) = preSolution
		HideSolutionNode = FALSE
	EndGlobalSection
	GlobalSection(ExtensibilityGlobals) = postSolution
		SolutionGuid = {DF3DF995-33F3-474C-B184-9246CAA312D5}
	EndGlobalSection
EndGlobal
