
Microsoft Visual Studio Solution File, Format Version 9.00
# Visual Studio 2005
Project("{8BC9CEB8-8B4A-11D0-8D11-00A0C91BC942}") = "Barrel", "Barrel.vcproj", "{9969E021-6FB9-468D-9187-04D26AC77074}"
EndProject
Project("{8BC9CEB8-8B4A-11D0-8D11-00A0C91BC942}") = "Mode7", "Mode7.vcproj", "{A48C7510-0197-493E-AF65-12278665EB3A}"
EndProject
Project("{8BC9CEB8-8B4A-11D0-8D11-00A0C91BC942}") = "Platformer", "Platformer.vcproj", "{F3D06F44-FA13-4A40-8977-A7F48B43EBF7}"
EndProject
Project("{8BC9CEB8-8B4A-11D0-8D11-00A0C91BC942}") = "Racer", "Racer.vcproj", "{E240F9D5-3EF5-4418-B8C8-53AE46DAC487}"
EndProject
Project("{8BC9CEB8-8B4A-11D0-8D11-00A0C91BC942}") = "Shooter", "Shooter.vcproj", "{11CFA006-B6C9-48AA-8BA7-83F378ED61C1}"
EndProject
Project("{8BC9CEB8-8B4A-11D0-8D11-00A0C91BC942}") = "Wobble", "Wobble.vcproj", "{2008BE5C-F64C-4C31-A385-F703BE28C2CF}"
EndProject
Project("{8BC9CEB8-8B4A-11D0-8D11-00A0C91BC942}") = "Tutorial", "Tutorial.vcproj", "{8B9FF4EC-A82F-4EB8-8DC3-180FD82D91EA}"
EndProject
Project("{8BC9CEB8-8B4A-11D0-8D11-00A0C91BC942}") = "Scaling", "Scaling.vcproj", "{8E3E2445-D40D-4053-AA91-84475B8B252E}"
EndProject
Project("{8BC9CEB8-8B4A-11D0-8D11-00A0C91BC942}") = "ColorCycle", "ColorCycle.vcproj", "{AB98648F-DF1D-41A3-97D1-57E487231044}"
EndProject
Project("{8BC9CEB8-8B4A-11D0-8D11-00A0C91BC942}") = "Benchmark", "Benchmark.vcproj", "{94C7A71A-BA57-4058-B662-455D3D75F063}"
EndProject
Project("{8BC9CEB8-8B4A-11D0-8D11-00A0C91BC942}") = "SuperMarioClone", "SuperMarioClone.vcproj", "{A2BF0E2A-1B17-41E9-8309-EFBC926CEE11}"
EndProject
Global
	GlobalSection(SolutionConfigurationPlatforms) = preSolution
		Debug|Win32 = Debug|Win32
		Debug|x64 = Debug|x64
		Release|Win32 = Release|Win32
		Release|x64 = Release|x64
	EndGlobalSection
	GlobalSection(ProjectConfigurationPlatforms) = postSolution
		{9969E021-6FB9-468D-9187-04D26AC77074}.Debug|Win32.ActiveCfg = Debug|Win32
		{9969E021-6FB9-468D-9187-04D26AC77074}.Debug|Win32.Build.0 = Debug|Win32
		{9969E021-6FB9-468D-9187-04D26AC77074}.Debug|x64.ActiveCfg = Debug|x64
		{9969E021-6FB9-468D-9187-04D26AC77074}.Debug|x64.Build.0 = Debug|x64
		{9969E021-6FB9-468D-9187-04D26AC77074}.Release|Win32.ActiveCfg = Release|Win32
		{9969E021-6FB9-468D-9187-04D26AC77074}.Release|Win32.Build.0 = Release|Win32
		{9969E021-6FB9-468D-9187-04D26AC77074}.Release|x64.ActiveCfg = Release|x64
		{9969E021-6FB9-468D-9187-04D26AC77074}.Release|x64.Build.0 = Release|x64
		{A48C7510-0197-493E-AF65-12278665EB3A}.Debug|Win32.ActiveCfg = Debug|Win32
		{A48C7510-0197-493E-AF65-12278665EB3A}.Debug|Win32.Build.0 = Debug|Win32
		{A48C7510-0197-493E-AF65-12278665EB3A}.Debug|x64.ActiveCfg = Debug|x64
		{A48C7510-0197-493E-AF65-12278665EB3A}.Debug|x64.Build.0 = Debug|x64
		{A48C7510-0197-493E-AF65-12278665EB3A}.Release|Win32.ActiveCfg = Release|Win32
		{A48C7510-0197-493E-AF65-12278665EB3A}.Release|Win32.Build.0 = Release|Win32
		{A48C7510-0197-493E-AF65-12278665EB3A}.Release|x64.ActiveCfg = Release|x64
		{A48C7510-0197-493E-AF65-12278665EB3A}.Release|x64.Build.0 = Release|x64
		{F3D06F44-FA13-4A40-8977-A7F48B43EBF7}.Debug|Win32.ActiveCfg = Debug|Win32
		{F3D06F44-FA13-4A40-8977-A7F48B43EBF7}.Debug|Win32.Build.0 = Debug|Win32
		{F3D06F44-FA13-4A40-8977-A7F48B43EBF7}.Debug|x64.ActiveCfg = Debug|x64
		{F3D06F44-FA13-4A40-8977-A7F48B43EBF7}.Debug|x64.Build.0 = Debug|x64
		{F3D06F44-FA13-4A40-8977-A7F48B43EBF7}.Release|Win32.ActiveCfg = Release|Win32
		{F3D06F44-FA13-4A40-8977-A7F48B43EBF7}.Release|Win32.Build.0 = Release|Win32
		{F3D06F44-FA13-4A40-8977-A7F48B43EBF7}.Release|x64.ActiveCfg = Release|x64
		{F3D06F44-FA13-4A40-8977-A7F48B43EBF7}.Release|x64.Build.0 = Release|x64
		{E240F9D5-3EF5-4418-B8C8-53AE46DAC487}.Debug|Win32.ActiveCfg = Debug|Win32
		{E240F9D5-3EF5-4418-B8C8-53AE46DAC487}.Debug|Win32.Build.0 = Debug|Win32
		{E240F9D5-3EF5-4418-B8C8-53AE46DAC487}.Debug|x64.ActiveCfg = Debug|x64
		{E240F9D5-3EF5-4418-B8C8-53AE46DAC487}.Debug|x64.Build.0 = Debug|x64
		{E240F9D5-3EF5-4418-B8C8-53AE46DAC487}.Release|Win32.ActiveCfg = Release|Win32
		{E240F9D5-3EF5-4418-B8C8-53AE46DAC487}.Release|Win32.Build.0 = Release|Win32
		{E240F9D5-3EF5-4418-B8C8-53AE46DAC487}.Release|x64.ActiveCfg = Release|x64
		{E240F9D5-3EF5-4418-B8C8-53AE46DAC487}.Release|x64.Build.0 = Release|x64
		{11CFA006-B6C9-48AA-8BA7-83F378ED61C1}.Debug|Win32.ActiveCfg = Debug|Win32
		{11CFA006-B6C9-48AA-8BA7-83F378ED61C1}.Debug|Win32.Build.0 = Debug|Win32
		{11CFA006-B6C9-48AA-8BA7-83F378ED61C1}.Debug|x64.ActiveCfg = Debug|x64
		{11CFA006-B6C9-48AA-8BA7-83F378ED61C1}.Debug|x64.Build.0 = Debug|x64
		{11CFA006-B6C9-48AA-8BA7-83F378ED61C1}.Release|Win32.ActiveCfg = Release|Win32
		{11CFA006-B6C9-48AA-8BA7-83F378ED61C1}.Release|Win32.Build.0 = Release|Win32
		{11CFA006-B6C9-48AA-8BA7-83F378ED61C1}.Release|x64.ActiveCfg = Release|x64
		{11CFA006-B6C9-48AA-8BA7-83F378ED61C1}.Release|x64.Build.0 = Release|x64
		{2008BE5C-F64C-4C31-A385-F703BE28C2CF}.Debug|Win32.ActiveCfg = Debug|Win32
		{2008BE5C-F64C-4C31-A385-F703BE28C2CF}.Debug|Win32.Build.0 = Debug|Win32
		{2008BE5C-F64C-4C31-A385-F703BE28C2CF}.Debug|x64.ActiveCfg = Debug|x64
		{2008BE5C-F64C-4C31-A385-F703BE28C2CF}.Debug|x64.Build.0 = Debug|x64
		{2008BE5C-F64C-4C31-A385-F703BE28C2CF}.Release|Win32.ActiveCfg = Release|Win32
		{2008BE5C-F64C-4C31-A385-F703BE28C2CF}.Release|Win32.Build.0 = Release|Win32
		{2008BE5C-F64C-4C31-A385-F703BE28C2CF}.Release|x64.ActiveCfg = Release|x64
		{2008BE5C-F64C-4C31-A385-F703BE28C2CF}.Release|x64.Build.0 = Release|x64
		{8B9FF4EC-A82F-4EB8-8DC3-180FD82D91EA}.Debug|Win32.ActiveCfg = Debug|Win32
		{8B9FF4EC-A82F-4EB8-8DC3-180FD82D91EA}.Debug|Win32.Build.0 = Debug|Win32
		{8B9FF4EC-A82F-4EB8-8DC3-180FD82D91EA}.Debug|x64.ActiveCfg = Debug|x64
		{8B9FF4EC-A82F-4EB8-8DC3-180FD82D91EA}.Debug|x64.Build.0 = Debug|x64
		{8B9FF4EC-A82F-4EB8-8DC3-180FD82D91EA}.Release|Win32.ActiveCfg = Release|Win32
		{8B9FF4EC-A82F-4EB8-8DC3-180FD82D91EA}.Release|Win32.Build.0 = Release|Win32
		{8B9FF4EC-A82F-4EB8-8DC3-180FD82D91EA}.Release|x64.ActiveCfg = Release|x64
		{8B9FF4EC-A82F-4EB8-8DC3-180FD82D91EA}.Release|x64.Build.0 = Release|x64
		{8E3E2445-D40D-4053-AA91-84475B8B252E}.Debug|Win32.ActiveCfg = Debug|Win32
		{8E3E2445-D40D-4053-AA91-84475B8B252E}.Debug|Win32.Build.0 = Debug|Win32
		{8E3E2445-D40D-4053-AA91-84475B8B252E}.Debug|x64.ActiveCfg = Debug|x64
		{8E3E2445-D40D-4053-AA91-84475B8B252E}.Debug|x64.Build.0 = Debug|x64
		{8E3E2445-D40D-4053-AA91-84475B8B252E}.Release|Win32.ActiveCfg = Release|Win32
		{8E3E2445-D40D-4053-AA91-84475B8B252E}.Release|Win32.Build.0 = Release|Win32
		{8E3E2445-D40D-4053-AA91-84475B8B252E}.Release|x64.ActiveCfg = Release|x64
		{8E3E2445-D40D-4053-AA91-84475B8B252E}.Release|x64.Build.0 = Release|x64
		{AB98648F-DF1D-41A3-97D1-57E487231044}.Debug|Win32.ActiveCfg = Debug|Win32
		{AB98648F-DF1D-41A3-97D1-57E487231044}.Debug|Win32.Build.0 = Debug|Win32
		{AB98648F-DF1D-41A3-97D1-57E487231044}.Debug|x64.ActiveCfg = Debug|x64
		{AB98648F-DF1D-41A3-97D1-57E487231044}.Debug|x64.Build.0 = Debug|x64
		{AB98648F-DF1D-41A3-97D1-57E487231044}.Release|Win32.ActiveCfg = Release|Win32
		{AB98648F-DF1D-41A3-97D1-57E487231044}.Release|Win32.Build.0 = Release|Win32
		{AB98648F-DF1D-41A3-97D1-57E487231044}.Release|x64.ActiveCfg = Release|x64
		{AB98648F-DF1D-41A3-97D1-57E487231044}.Release|x64.Build.0 = Release|x64
		{94C7A71A-BA57-4058-B662-455D3D75F063}.Debug|Win32.ActiveCfg = Debug|Win32
		{94C7A71A-BA57-4058-B662-455D3D75F063}.Debug|Win32.Build.0 = Debug|Win32
		{94C7A71A-BA57-4058-B662-455D3D75F063}.Debug|x64.ActiveCfg = Debug|x64
		{94C7A71A-BA57-4058-B662-455D3D75F063}.Debug|x64.Build.0 = Debug|x64
		{94C7A71A-BA57-4058-B662-455D3D75F063}.Release|Win32.ActiveCfg = Release|Win32
		{94C7A71A-BA57-4058-B662-455D3D75F063}.Release|Win32.Build.0 = Release|Win32
		{94C7A71A-BA57-4058-B662-455D3D75F063}.Release|x64.ActiveCfg = Release|x64
		{94C7A71A-BA57-4058-B662-455D3D75F063}.Release|x64.Build.0 = Release|x64
		{A2BF0E2A-1B17-41E9-8309-EFBC926CEE11}.Debug|Win32.ActiveCfg = Debug|Win32
		{A2BF0E2A-1B17-41E9-8309-EFBC926CEE11}.Debug|Win32.Build.0 = Debug|Win32
		{A2BF0E2A-1B17-41E9-8309-EFBC926CEE11}.Debug|x64.ActiveCfg = Debug|x64
		{A2BF0E2A-1B17-41E9-8309-EFBC926CEE11}.Debug|x64.Build.0 = Debug|x64
		{A2BF0E2A-1B17-41E9-8309-EFBC926CEE11}.Release|Win32.ActiveCfg = Release|Win32
		{A2BF0E2A-1B17-41E9-8309-EFBC926CEE11}.Release|Win32.Build.0 = Release|Win32
		{A2BF0E2A-1B17-41E9-8309-EFBC926CEE11}.Release|x64.ActiveCfg = Release|x64
		{A2BF0E2A-1B17-41E9-8309-EFBC926CEE11}.Release|x64.Build.0 = Release|x64
	EndGlobalSection
	GlobalSection(SolutionProperties) = preSolution
		HideSolutionNode = FALSE
	EndGlobalSection
EndGlobal
