<?xml version="1.0" encoding="utf-8"?>
<Project ToolsVersion="4.0" xmlns="http://schemas.microsoft.com/developer/msbuild/2003">
  <ItemGroup>
    <Filter Include="Archivos de código fuente">
      <UniqueIdentifier>{4FC737F1-C7A5-4376-A066-2A32D752A2FF}</UniqueIdentifier>
      <Extensions>cpp;c;cc;cxx;def;odl;idl;hpj;bat;asm;asmx</Extensions>
    </Filter>
    <Filter Include="Archivos de encabezado">
      <UniqueIdentifier>{93995380-89BD-4b04-88EB-625FBE52EBFB}</UniqueIdentifier>
      <Extensions>h;hpp;hxx;hm;inl;inc;xsd</Extensions>
    </Filter>
  </ItemGroup>
  <ItemGroup>
    <ClCompile Include="Animation.c">
      <Filter>Archivos de código fuente</Filter>
    </ClCompile>
    <ClCompile Include="Base64.c">
      <Filter>Archivos de código fuente</Filter>
    </ClCompile>
    <ClCompile Include="Bitmap.c">
      <Filter>Archivos de código fuente</Filter>
    </ClCompile>
    <ClCompile Include="Blitters.c">
      <Filter>Archivos de código fuente</Filter>
    </ClCompile>
    <ClCompile Include="Draw.c">
      <Filter>Archivos de código fuente</Filter>
    </ClCompile>
    <ClCompile Include="GaussianBlur.c">
      <Filter>Archivos de código fuente</Filter>
    </ClCompile>
    <ClCompile Include="Hash.c">
      <Filter>Archivos de código fuente</Filter>
    </ClCompile>
    <ClCompile Include="Layer.c">
      <Filter>Archivos de código fuente</Filter>
    </ClCompile>
    <ClCompile Include="LoadBitmap.c">
      <Filter>Archivos de código fuente</Filter>
    </ClCompile>
    <ClCompile Include="LoadFile.c">
      <Filter>Archivos de código fuente</Filter>
    </ClCompile>
    <ClCompile Include="LoadPalette.c">
      <Filter>Archivos de código fuente</Filter>
    </ClCompile>
    <ClCompile Include="LoadSequencePack.c">
      <Filter>Archivos de código fuente</Filter>
    </ClCompile>
    <ClCompile Include="LoadSpriteset.c">
      <Filter>Archivos de código fuente</Filter>
    </ClCompile>
    <ClCompile Include="LoadTilemap.c">
      <Filter>Archivos de código fuente</Filter>
    </ClCompile>
    <ClCompile Include="LoadTileset.c">
      <Filter>Archivos de código fuente</Filter>
    </ClCompile>
    <ClCompile Include="Math2D.c">
      <Filter>Archivos de código fuente</Filter>
    </ClCompile>
    <ClCompile Include="Object.c">
      <Filter>Archivos de código fuente</Filter>
    </ClCompile>
    <ClCompile Include="Palette.c">
      <Filter>Archivos de código fuente</Filter>
    </ClCompile>
    <ClCompile Include="Sequence.c">
      <Filter>Archivos de código fuente</Filter>
    </ClCompile>
    <ClCompile Include="SequencePack.c">
      <Filter>Archivos de código fuente</Filter>
    </ClCompile>
    <ClCompile Include="simplexml.c">
      <Filter>Archivos de código fuente</Filter>
    </ClCompile>
    <ClCompile Include="Sprite.c">
      <Filter>Archivos de código fuente</Filter>
    </ClCompile>
    <ClCompile Include="Spriteset.c">
      <Filter>Archivos de código fuente</Filter>
    </ClCompile>
    <ClCompile Include="Tables.c">
      <Filter>Archivos de código fuente</Filter>
    </ClCompile>
    <ClCompile Include="Tilemap.c">
      <Filter>Archivos de código fuente</Filter>
    </ClCompile>
    <ClCompile Include="Tilengine.c">
      <Filter>Archivos de código fuente</Filter>
    </ClCompile>
    <ClCompile Include="Tileset.c">
      <Filter>Archivos de código fuente</Filter>
    </ClCompile>
    <ClCompile Include="Window.c">
      <Filter>Archivos de código fuente</Filter>
    </ClCompile>
    <ClCompile Include="aes.c">
      <Filter>Archivos de código fuente</Filter>
    </ClCompile>
    <ClCompile Include="ResourcePacker.c">
      <Filter>Archivos de código fuente</Filter>
    </ClCompile>
    <ClCompile Include="ObjectList.c">
      <Filter>Archivos de código fuente</Filter>
    </ClCompile>
    <ClCompile Include="LoadTMX.c">
      <Filter>Archivos de código fuente</Filter>
    </ClCompile>
    <ClCompile Include="cJSON.c">
      <Filter>Archivos de código fuente</Filter>
    </ClCompile>
    <ClCompile Include="List.c">
      <Filter>Archivos de código fuente</Filter>
    </ClCompile>
  </ItemGroup>
  <ItemGroup>
    <ClInclude Include="Animation.h">
      <Filter>Archivos de encabezado</Filter>
    </ClInclude>
    <ClInclude Include="Bitmap.h">
      <Filter>Archivos de encabezado</Filter>
    </ClInclude>
    <ClInclude Include="Blitters.h">
      <Filter>Archivos de encabezado</Filter>
    </ClInclude>
    <ClInclude Include="DIB.h">
      <Filter>Archivos de encabezado</Filter>
    </ClInclude>
    <ClInclude Include="Draw.h">
      <Filter>Archivos de encabezado</Filter>
    </ClInclude>
    <ClInclude Include="Engine.h">
      <Filter>Archivos de encabezado</Filter>
    </ClInclude>
    <ClInclude Include="Hash.h">
      <Filter>Archivos de encabezado</Filter>
    </ClInclude>
    <ClInclude Include="Layer.h">
      <Filter>Archivos de encabezado</Filter>
    </ClInclude>
    <ClInclude Include="LoadFile.h">
      <Filter>Archivos de encabezado</Filter>
    </ClInclude>
    <ClInclude Include="Math2D.h">
      <Filter>Archivos de encabezado</Filter>
    </ClInclude>
    <ClInclude Include="Object.h">
      <Filter>Archivos de encabezado</Filter>
    </ClInclude>
    <ClInclude Include="Palette.h">
      <Filter>Archivos de encabezado</Filter>
    </ClInclude>
    <ClInclude Include="Sequence.h">
      <Filter>Archivos de encabezado</Filter>
    </ClInclude>
    <ClInclude Include="SequencePack.h">
      <Filter>Archivos de encabezado</Filter>
    </ClInclude>
    <ClInclude Include="simplexml.h">
      <Filter>Archivos de encabezado</Filter>
    </ClInclude>
    <ClInclude Include="Sprite.h">
      <Filter>Archivos de encabezado</Filter>
    </ClInclude>
    <ClInclude Include="Spriteset.h">
      <Filter>Archivos de encabezado</Filter>
    </ClInclude>
    <ClInclude Include="Tables.h">
      <Filter>Archivos de encabezado</Filter>
    </ClInclude>
    <ClInclude Include="Tilemap.h">
      <Filter>Archivos de encabezado</Filter>
    </ClInclude>
    <ClInclude Include="Tileset.h">
      <Filter>Archivos de encabezado</Filter>
    </ClInclude>
    <ClInclude Include="..\include\Tilengine.h">
      <Filter>Archivos de encabezado</Filter>
    </ClInclude>
    <ClInclude Include="aes.h">
      <Filter>Archivos de encabezado</Filter>
    </ClInclude>
    <ClInclude Include="ResPack.h">
      <Filter>Archivos de encabezado</Filter>
    </ClInclude>
    <ClInclude Include="ObjectList.h">
      <Filter>Archivos de encabezado</Filter>
    </ClInclude>
    <ClInclude Include="Base64.h">
      <Filter>Archivos de encabezado</Filter>
    </ClInclude>
    <ClInclude Include="LoadTMX.h">
      <Filter>Archivos de encabezado</Filter>
    </ClInclude>
    <ClInclude Include="cJSON.h">
      <Filter>Archivos de encabezado</Filter>
    </ClInclude>
    <ClInclude Include="Debug.h">
      <Filter>Archivos de encabezado</Filter>
    </ClInclude>
    <ClInclude Include="List.h">
      <Filter>Archivos de encabezado</Filter>
    </ClInclude>
  </ItemGroup>
</Project>